
Microsoft Visual Studio Solution File, Format Version 12.00
# Visual Studio Version 16
VisualStudioVersion = 16.0.28803.202
MinimumVisualStudioVersion = 10.0.40219.1
Project("{FAE04EC0-301F-11D3-BF4B-00C04F79EFBC}") = "CloudflareWorkersKv.Client", "src\CloudflareWorkersKv.Client\CloudflareWorkersKv.Client.csproj", "{5402125E-9CFB-4B8E-8BB0-E788D7686F59}"
EndProject
Project("{FAE04EC0-301F-11D3-BF4B-00C04F79EFBC}") = "CloudflareWorkersKv.Client.Tests", "test\CloudflareWorkersKv.Client.Tests\CloudflareWorkersKv.Client.Tests.csproj", "{BA449A2E-0A5A-4ECE-BDF9-14831D1EFA04}"
EndProject
Global
	GlobalSection(SolutionConfigurationPlatforms) = preSolution
		Debug|Any CPU = Debug|Any CPU
		Release|Any CPU = Release|Any CPU
	EndGlobalSection
	GlobalSection(ProjectConfigurationPlatforms) = postSolution
		{5402125E-9CFB-4B8E-8BB0-E788D7686F59}.Debug|Any CPU.ActiveCfg = Debug|Any CPU
		{5402125E-9CFB-4B8E-8BB0-E788D7686F59}.Debug|Any CPU.Build.0 = Debug|Any CPU
		{5402125E-9CFB-4B8E-8BB0-E788D7686F59}.Release|Any CPU.ActiveCfg = Release|Any CPU
		{5402125E-9CFB-4B8E-8BB0-E788D7686F59}.Release|Any CPU.Build.0 = Release|Any CPU
		{BA449A2E-0A5A-4ECE-BDF9-14831D1EFA04}.Debug|Any CPU.ActiveCfg = Debug|Any CPU
		{BA449A2E-0A5A-4ECE-BDF9-14831D1EFA04}.Debug|Any CPU.Build.0 = Debug|Any CPU
		{BA449A2E-0A5A-4ECE-BDF9-14831D1EFA04}.Release|Any CPU.ActiveCfg = Release|Any CPU
		{BA449A2E-0A5A-4ECE-BDF9-14831D1EFA04}.Release|Any CPU.Build.0 = Release|Any CPU
	EndGlobalSection
	GlobalSection(SolutionProperties) = preSolution
		HideSolutionNode = FALSE
	EndGlobalSection
	GlobalSection(ExtensibilityGlobals) = postSolution
		SolutionGuid = {7E608D47-F7F9-45BE-8905-7816AE597F6C}
	EndGlobalSection
EndGlobal
